
Microsoft Visual Studio Solution File, Format Version 12.00
# Visual Studio Version 17
VisualStudioVersion = 17.4.33110.190
MinimumVisualStudioVersion = 10.0.40219.1
Project("{FAE04EC0-301F-11D3-BF4B-00C04F79EFBC}") = "Blog", "Blog\Blog.csproj", "{B0578C1C-6EEC-46D1-9A17-B9F5EB41D5B9}"
EndProject
Project("{2150E333-8FDC-42A3-9474-1A3956D46DE8}") = "ArticleManagement", "ArticleManagement", "{511927F0-DD81-41A5-BB88-AB46E8CED640}"
EndProject
Project("{2150E333-8FDC-42A3-9474-1A3956D46DE8}") = "AM.Domain", "AM.Domain", "{AC4286BD-7354-4B2F-B0BE-0125EDBDB5B9}"
EndProject
Project("{2150E333-8FDC-42A3-9474-1A3956D46DE8}") = "AM.Application", "AM.Application", "{73CCAC9A-5640-45AC-9BCA-75E8E9A6E746}"
EndProject
Project("{2150E333-8FDC-42A3-9474-1A3956D46DE8}") = "AM.Infrastructure", "AM.Infrastructure", "{0C192730-E3FD-4486-99FF-78E9DFB5149E}"
EndProject
Project("{FAE04EC0-301F-11D3-BF4B-00C04F79EFBC}") = "ArticleManagement.Domain", "ArticleManagement.Domain\ArticleManagement.Domain.csproj", "{D54A0960-E965-40EB-9427-D45AA6507290}"
EndProject
Project("{FAE04EC0-301F-11D3-BF4B-00C04F79EFBC}") = "Framework", "Framework\Framework.csproj", "{E3A37C54-A62E-46F5-B021-0AFB735D8626}"
EndProject
Project("{FAE04EC0-301F-11D3-BF4B-00C04F79EFBC}") = "ArticleManagement.Application.Contracts", "ArticleMAnagement.Application.Contracts\ArticleManagement.Application.Contracts.csproj", "{7221665D-2006-43A5-AD32-21E92A5ED738}"
EndProject
Project("{FAE04EC0-301F-11D3-BF4B-00C04F79EFBC}") = "ArticleManagement.Application", "ArticleManagement.Application\ArticleManagement.Application.csproj", "{DF4C4384-32DE-4FC8-99B5-DF06E17BBBE5}"
EndProject
Global
	GlobalSection(SolutionConfigurationPlatforms) = preSolution
		Debug|Any CPU = Debug|Any CPU
		Release|Any CPU = Release|Any CPU
	EndGlobalSection
	GlobalSection(ProjectConfigurationPlatforms) = postSolution
		{B0578C1C-6EEC-46D1-9A17-B9F5EB41D5B9}.Debug|Any CPU.ActiveCfg = Debug|Any CPU
		{B0578C1C-6EEC-46D1-9A17-B9F5EB41D5B9}.Debug|Any CPU.Build.0 = Debug|Any CPU
		{B0578C1C-6EEC-46D1-9A17-B9F5EB41D5B9}.Release|Any CPU.ActiveCfg = Release|Any CPU
		{B0578C1C-6EEC-46D1-9A17-B9F5EB41D5B9}.Release|Any CPU.Build.0 = Release|Any CPU
		{D54A0960-E965-40EB-9427-D45AA6507290}.Debug|Any CPU.ActiveCfg = Debug|Any CPU
		{D54A0960-E965-40EB-9427-D45AA6507290}.Debug|Any CPU.Build.0 = Debug|Any CPU
		{D54A0960-E965-40EB-9427-D45AA6507290}.Release|Any CPU.ActiveCfg = Release|Any CPU
		{D54A0960-E965-40EB-9427-D45AA6507290}.Release|Any CPU.Build.0 = Release|Any CPU
		{E3A37C54-A62E-46F5-B021-0AFB735D8626}.Debug|Any CPU.ActiveCfg = Debug|Any CPU
		{E3A37C54-A62E-46F5-B021-0AFB735D8626}.Debug|Any CPU.Build.0 = Debug|Any CPU
		{E3A37C54-A62E-46F5-B021-0AFB735D8626}.Release|Any CPU.ActiveCfg = Release|Any CPU
		{E3A37C54-A62E-46F5-B021-0AFB735D8626}.Release|Any CPU.Build.0 = Release|Any CPU
		{7221665D-2006-43A5-AD32-21E92A5ED738}.Debug|Any CPU.ActiveCfg = Debug|Any CPU
		{7221665D-2006-43A5-AD32-21E92A5ED738}.Debug|Any CPU.Build.0 = Debug|Any CPU
		{7221665D-2006-43A5-AD32-21E92A5ED738}.Release|Any CPU.ActiveCfg = Release|Any CPU
		{7221665D-2006-43A5-AD32-21E92A5ED738}.Release|Any CPU.Build.0 = Release|Any CPU
		{DF4C4384-32DE-4FC8-99B5-DF06E17BBBE5}.Debug|Any CPU.ActiveCfg = Debug|Any CPU
		{DF4C4384-32DE-4FC8-99B5-DF06E17BBBE5}.Debug|Any CPU.Build.0 = Debug|Any CPU
		{DF4C4384-32DE-4FC8-99B5-DF06E17BBBE5}.Release|Any CPU.ActiveCfg = Release|Any CPU
		{DF4C4384-32DE-4FC8-99B5-DF06E17BBBE5}.Release|Any CPU.Build.0 = Release|Any CPU
	EndGlobalSection
	GlobalSection(SolutionProperties) = preSolution
		HideSolutionNode = FALSE
	EndGlobalSection
	GlobalSection(NestedProjects) = preSolution
		{AC4286BD-7354-4B2F-B0BE-0125EDBDB5B9} = {511927F0-DD81-41A5-BB88-AB46E8CED640}
		{73CCAC9A-5640-45AC-9BCA-75E8E9A6E746} = {511927F0-DD81-41A5-BB88-AB46E8CED640}
		{0C192730-E3FD-4486-99FF-78E9DFB5149E} = {511927F0-DD81-41A5-BB88-AB46E8CED640}
		{D54A0960-E965-40EB-9427-D45AA6507290} = {AC4286BD-7354-4B2F-B0BE-0125EDBDB5B9}
		{7221665D-2006-43A5-AD32-21E92A5ED738} = {73CCAC9A-5640-45AC-9BCA-75E8E9A6E746}
		{DF4C4384-32DE-4FC8-99B5-DF06E17BBBE5} = {73CCAC9A-5640-45AC-9BCA-75E8E9A6E746}
	EndGlobalSection
	GlobalSection(ExtensibilityGlobals) = postSolution
		SolutionGuid = {6E73E347-FC47-4D6E-8C48-6E9B3BA36DDB}
	EndGlobalSection
EndGlobal
